
Microsoft Visual Studio Solution File, Format Version 12.00
# Visual Studio Version 17
VisualStudioVersion = 17.0.31919.166
MinimumVisualStudioVersion = 10.0.40219.1
Project("{FAE04EC0-301F-11D3-BF4B-00C04F79EFBC}") = "Task2", "Trushkova_HW_16\Task2.csproj", "{A7CB7A62-C110-4B6F-A840-4F378FF1DC79}"
EndProject
Project("{FAE04EC0-301F-11D3-BF4B-00C04F79EFBC}") = "Task3", "Task3\Task3.csproj", "{9D4937BB-8E73-4A52-9509-37AD7FAE7469}"
EndProject
Project("{FAE04EC0-301F-11D3-BF4B-00C04F79EFBC}") = "Task4", "Task4\Task4.csproj", "{0DEE35D6-8AF2-49A0-82AF-00D1A14FCB2C}"
EndProject
Project("{FAE04EC0-301F-11D3-BF4B-00C04F79EFBC}") = "AddTask", "AddTask\AddTask.csproj", "{420A4978-4441-432F-8C76-711F1823A740}"
EndProject
Global
	GlobalSection(SolutionConfigurationPlatforms) = preSolution
		Debug|Any CPU = Debug|Any CPU
		Release|Any CPU = Release|Any CPU
	EndGlobalSection
	GlobalSection(ProjectConfigurationPlatforms) = postSolution
		{A7CB7A62-C110-4B6F-A840-4F378FF1DC79}.Debug|Any CPU.ActiveCfg = Debug|Any CPU
		{A7CB7A62-C110-4B6F-A840-4F378FF1DC79}.Debug|Any CPU.Build.0 = Debug|Any CPU
		{A7CB7A62-C110-4B6F-A840-4F378FF1DC79}.Release|Any CPU.ActiveCfg = Release|Any CPU
		{A7CB7A62-C110-4B6F-A840-4F378FF1DC79}.Release|Any CPU.Build.0 = Release|Any CPU
		{9D4937BB-8E73-4A52-9509-37AD7FAE7469}.Debug|Any CPU.ActiveCfg = Debug|Any CPU
		{9D4937BB-8E73-4A52-9509-37AD7FAE7469}.Debug|Any CPU.Build.0 = Debug|Any CPU
		{9D4937BB-8E73-4A52-9509-37AD7FAE7469}.Release|Any CPU.ActiveCfg = Release|Any CPU
		{9D4937BB-8E73-4A52-9509-37AD7FAE7469}.Release|Any CPU.Build.0 = Release|Any CPU
		{0DEE35D6-8AF2-49A0-82AF-00D1A14FCB2C}.Debug|Any CPU.ActiveCfg = Debug|Any CPU
		{0DEE35D6-8AF2-49A0-82AF-00D1A14FCB2C}.Debug|Any CPU.Build.0 = Debug|Any CPU
		{0DEE35D6-8AF2-49A0-82AF-00D1A14FCB2C}.Release|Any CPU.ActiveCfg = Release|Any CPU
		{0DEE35D6-8AF2-49A0-82AF-00D1A14FCB2C}.Release|Any CPU.Build.0 = Release|Any CPU
		{420A4978-4441-432F-8C76-711F1823A740}.Debug|Any CPU.ActiveCfg = Debug|Any CPU
		{420A4978-4441-432F-8C76-711F1823A740}.Debug|Any CPU.Build.0 = Debug|Any CPU
		{420A4978-4441-432F-8C76-711F1823A740}.Release|Any CPU.ActiveCfg = Release|Any CPU
		{420A4978-4441-432F-8C76-711F1823A740}.Release|Any CPU.Build.0 = Release|Any CPU
	EndGlobalSection
	GlobalSection(SolutionProperties) = preSolution
		HideSolutionNode = FALSE
	EndGlobalSection
	GlobalSection(ExtensibilityGlobals) = postSolution
		SolutionGuid = {1E3C8634-B8BA-458B-A631-243912A411FB}
	EndGlobalSection
EndGlobal
